
Microsoft Visual Studio Solution File, Format Version 12.00
# Visual Studio Version 16
VisualStudioVersion = 16.0.30517.126
MinimumVisualStudioVersion = 10.0.40219.1
Project("{9A19103F-16F7-4668-BE54-9A1E7A4F7556}") = "api", "api\api.csproj", "{CAD87C2D-1B35-4947-8C3D-A294C7B0CC75}"
EndProject
Project("{9A19103F-16F7-4668-BE54-9A1E7A4F7556}") = "DAL", "DAL\DAL.csproj", "{C7750C1D-0BDC-4400-8BDF-004701397704}"
EndProject
Project("{9A19103F-16F7-4668-BE54-9A1E7A4F7556}") = "BLL", "BLL\BLL.csproj", "{54689466-F8AB-4AAA-A0A4-585069398C55}"
EndProject
Project("{2150E333-8FDC-42A3-9474-1A3956D46DE8}") = "Info", "Info", "{837C2E70-B3D2-4918-8319-7B7ACB0798AD}"
	ProjectSection(SolutionItems) = preProject
		ReadMe.txt = ReadMe.txt
	EndProjectSection
EndProject
Project("{FAE04EC0-301F-11D3-BF4B-00C04F79EFBC}") = "Extensions", "Extensions\Extensions.csproj", "{4751C54A-D877-40A5-9F6A-223B5AF9696F}"
EndProject
Global
	GlobalSection(SolutionConfigurationPlatforms) = preSolution
		Debug|Any CPU = Debug|Any CPU
		Release|Any CPU = Release|Any CPU
	EndGlobalSection
	GlobalSection(ProjectConfigurationPlatforms) = postSolution
		{CAD87C2D-1B35-4947-8C3D-A294C7B0CC75}.Debug|Any CPU.ActiveCfg = Debug|Any CPU
		{CAD87C2D-1B35-4947-8C3D-A294C7B0CC75}.Debug|Any CPU.Build.0 = Debug|Any CPU
		{CAD87C2D-1B35-4947-8C3D-A294C7B0CC75}.Release|Any CPU.ActiveCfg = Release|Any CPU
		{CAD87C2D-1B35-4947-8C3D-A294C7B0CC75}.Release|Any CPU.Build.0 = Release|Any CPU
		{C7750C1D-0BDC-4400-8BDF-004701397704}.Debug|Any CPU.ActiveCfg = Debug|Any CPU
		{C7750C1D-0BDC-4400-8BDF-004701397704}.Debug|Any CPU.Build.0 = Debug|Any CPU
		{C7750C1D-0BDC-4400-8BDF-004701397704}.Release|Any CPU.ActiveCfg = Release|Any CPU
		{C7750C1D-0BDC-4400-8BDF-004701397704}.Release|Any CPU.Build.0 = Release|Any CPU
		{54689466-F8AB-4AAA-A0A4-585069398C55}.Debug|Any CPU.ActiveCfg = Debug|Any CPU
		{54689466-F8AB-4AAA-A0A4-585069398C55}.Debug|Any CPU.Build.0 = Debug|Any CPU
		{54689466-F8AB-4AAA-A0A4-585069398C55}.Release|Any CPU.ActiveCfg = Release|Any CPU
		{54689466-F8AB-4AAA-A0A4-585069398C55}.Release|Any CPU.Build.0 = Release|Any CPU
		{4751C54A-D877-40A5-9F6A-223B5AF9696F}.Debug|Any CPU.ActiveCfg = Debug|Any CPU
		{4751C54A-D877-40A5-9F6A-223B5AF9696F}.Debug|Any CPU.Build.0 = Debug|Any CPU
		{4751C54A-D877-40A5-9F6A-223B5AF9696F}.Release|Any CPU.ActiveCfg = Release|Any CPU
		{4751C54A-D877-40A5-9F6A-223B5AF9696F}.Release|Any CPU.Build.0 = Release|Any CPU
	EndGlobalSection
	GlobalSection(SolutionProperties) = preSolution
		HideSolutionNode = FALSE
	EndGlobalSection
	GlobalSection(ExtensibilityGlobals) = postSolution
		SolutionGuid = {03C6FC73-4D32-421B-B6E7-8B157447DF1F}
	EndGlobalSection
EndGlobal
